{
    "_readme": [
        "This file locks the dependencies of your project to a known state",
        "Read more about it at http://getcomposer.org/doc/01-basic-usage.md#composer-lock-the-lock-file",
        "This file is @generated automatically"
    ],
    "hash": "3f35c6c4e2692180a41a160dc17b15f4",
    "packages": [
        {
            "name": "malyshev/yii-debug-toolbar",
            "version": "dev-master",
            "source": {
                "type": "git",
                "url": "https://github.com/malyshev/yii-debug-toolbar.git",
                "reference": "afcb27ca748a554089df1eeb0aaea6c537d9fccc"
            },
            "dist": {
                "type": "zip",
                "url": "https://api.github.com/repos/malyshev/yii-debug-toolbar/zipball/afcb27ca748a554089df1eeb0aaea6c537d9fccc",
                "reference": "afcb27ca748a554089df1eeb0aaea6c537d9fccc",
                "shasum": ""
            },
            "type": "library",
            "notification-url": "https://packagist.org/downloads/",
            "license": [
                "BSD-3-Clause"
            ],
            "authors": [
                {
                    "name": "Sergey Malyshev",
                    "email": "malyshev.php@gmail.com",
                    "homepage": "http://www.yiiframework.com/extension/yii-debug-toolbar/"
                }
            ],
            "description": "A configurable set of panels that display various debug information about the current request/response.",
            "keywords": [
                "debug",
                "extension",
                "yii"
            ],
            "time": "2014-07-05 12:25:16"
        },
        {
            "name": "phing/phing",
            "version": "dev-master",
            "source": {
                "type": "git",
                "url": "https://github.com/phingofficial/phing.git",
                "reference": "274b9e25ab1c58b87ed20cbbeaed57f48c03a530"
            },
            "dist": {
                "type": "zip",
                "url": "https://api.github.com/repos/phingofficial/phing/zipball/274b9e25ab1c58b87ed20cbbeaed57f48c03a530",
                "reference": "274b9e25ab1c58b87ed20cbbeaed57f48c03a530",
                "shasum": ""
            },
            "require": {
                "php": ">=5.2.0"
            },
            "require-dev": {
                "ext-pdo_sqlite": "*",
                "lastcraft/simpletest": "@dev",
                "pdepend/pdepend": "1.x",
                "pear-pear.php.net/http_request2": "2.2.x",
                "pear-pear.php.net/net_growl": "2.7.x",
                "pear-pear.php.net/pear_packagefilemanager": "1.7.x",
                "pear-pear.php.net/pear_packagefilemanager2": "1.0.x",
                "pear-pear.php.net/xml_serializer": "0.20.x",
                "pear/pear_exception": "@dev",
                "pear/versioncontrol_git": "@dev",
                "pear/versioncontrol_svn": "@dev",
                "phpdocumentor/phpdocumentor": "2.x",
                "phploc/phploc": "2.x",
                "phpunit/phpunit": ">=3.7",
                "sebastian/phpcpd": "2.x",
                "squizlabs/php_codesniffer": "1.5.x"
            },
            "suggest": {
                "pdepend/pdepend": "PHP version of JDepend",
                "pear/archive_tar": "Tar file management class",
                "pear/versioncontrol_git": "A library that provides OO interface to handle Git repository",
                "pear/versioncontrol_svn": "A simple OO-style interface for Subversion, the free/open-source version control system",
                "phpdocumentor/phpdocumentor": "Documentation Generator for PHP",
                "phploc/phploc": "A tool for quickly measuring the size of a PHP project",
                "phpmd/phpmd": "PHP version of PMD tool",
                "phpunit/php-code-coverage": "Library that provides collection, processing, and rendering functionality for PHP code coverage information",
                "phpunit/phpunit": "The PHP Unit Testing Framework",
                "sebastian/phpcpd": "Copy/Paste Detector (CPD) for PHP code",
                "tedivm/jshrink": "Javascript Minifier built in PHP"
            },
            "bin": [
                "bin/phing"
            ],
            "type": "library",
            "autoload": {
                "classmap": [
                    "classes/phing/"
                ]
            },
            "notification-url": "https://packagist.org/downloads/",
            "include-path": [
                "classes"
            ],
            "license": [
                "LGPL-3.0"
            ],
            "authors": [
                {
                    "name": "Phing Community",
                    "homepage": "http://www.phing.info/trac/wiki/Development/Contributors"
                },
                {
                    "name": "Michiel Rook",
                    "email": "mrook@php.net"
                }
            ],
            "description": "PHing Is Not GNU make; it's a PHP project build system or build tool based on Apache Ant.",
            "homepage": "http://www.phing.info/",
            "keywords": [
                "build",
                "phing",
                "task",
                "tool"
            ],
            "time": "2014-08-25 05:44:56"
        },
        {
            "name": "swiftmailer/swiftmailer",
            "version": "v5.2.1",
            "source": {
                "type": "git",
                "url": "https://github.com/swiftmailer/swiftmailer.git",
                "reference": "2b9af56cc676c338d52fca4c657e5bdff73bb7af"
            },
            "dist": {
                "type": "zip",
                "url": "https://api.github.com/repos/swiftmailer/swiftmailer/zipball/2b9af56cc676c338d52fca4c657e5bdff73bb7af",
                "reference": "2b9af56cc676c338d52fca4c657e5bdff73bb7af",
                "shasum": ""
            },
            "require": {
                "php": ">=5.2.4"
            },
            "require-dev": {
                "mockery/mockery": "~0.9.1"
            },
            "type": "library",
            "extra": {
                "branch-alias": {
                    "dev-master": "5.2-dev"
                }
            },
            "autoload": {
                "files": [
                    "lib/swift_required.php"
                ]
            },
            "notification-url": "https://packagist.org/downloads/",
            "license": [
                "MIT"
            ],
            "authors": [
                {
                    "name": "Fabien Potencier",
                    "email": "fabien@symfony.com",
                    "homepage": "http://fabien.potencier.org",
                    "role": "Lead Developer"
                },
                {
                    "name": "Chris Corbyn"
                }
            ],
            "description": "Swiftmailer, free feature-rich PHP mailer",
            "homepage": "http://swiftmailer.org",
            "keywords": [
                "mail",
                "mailer"
            ],
            "time": "2014-06-13 11:44:54"
        },
        {
            "name": "zhuravljov/yii2-debug",
            "version": "dev-master",
            "source": {
                "type": "git",
                "url": "https://github.com/zhuravljov/yii2-debug.git",
                "reference": "99b175c114fc0e16c3475c117f18ca8804a75bb8"
            },
            "dist": {
                "type": "zip",
                "url": "https://api.github.com/repos/zhuravljov/yii2-debug/zipball/99b175c114fc0e16c3475c117f18ca8804a75bb8",
                "reference": "99b175c114fc0e16c3475c117f18ca8804a75bb8",
                "shasum": ""
            },
            "require": {
                "php": ">=5.1.0"
            },
            "type": "yii-extension",
            "notification-url": "https://packagist.org/downloads/",
            "license": [
                "BSD-3-Clause"
            ],
            "authors": [
                {
                    "name": "Roman Zhuravlev",
                    "email": "zhuravljov@gmail.com"
                }
            ],
            "description": "Yii debug toolbar",
            "homepage": "https://github.com/zhuravljov/yii2-debug",
            "keywords": [
                "debug",
                "extension",
                "yii"
            ],
            "time": "2014-08-25 08:32:21"
        }
    ],
    "packages-dev": [],
    "aliases": [],
    "minimum-stability": "stable",
    "stability-flags": {
        "phing/phing": 20,
        "zhuravljov/yii2-debug": 20,
        "malyshev/yii-debug-toolbar": 20
    },
    "platform": [],
    "platform-dev": []
}
